{
  "nodes": {
    "crane": {
      "inputs": {
        "nixpkgs": [
          "llzk",
          "veridise-pkgs",
          "nixpkgs"
        ]
      },
      "locked": {
        "lastModified": 1705625727,
        "narHash": "sha256-naMq6+TNLpEiBBjc0XaCbMLYJxJXWTZz4JGSpYGgIOM=",
        "owner": "ipetkov",
        "repo": "crane",
        "rev": "8f515142e805dc377cf8edb0ff75d14a11307f89",
        "type": "github"
      },
      "original": {
        "owner": "ipetkov",
        "ref": "v0.16.0",
        "repo": "crane",
        "type": "github"
      }
    },
    "crane_2": {
      "inputs": {
        "nixpkgs": [
          "veridise-pkgs",
          "nixpkgs"
        ]
      },
      "locked": {
        "lastModified": 1705625727,
        "narHash": "sha256-naMq6+TNLpEiBBjc0XaCbMLYJxJXWTZz4JGSpYGgIOM=",
        "owner": "ipetkov",
        "repo": "crane",
        "rev": "8f515142e805dc377cf8edb0ff75d14a11307f89",
        "type": "github"
      },
      "original": {
        "owner": "ipetkov",
        "ref": "v0.16.0",
        "repo": "crane",
        "type": "github"
      }
    },
    "flake-utils": {
      "locked": {
        "lastModified": 1652776076,
        "narHash": "sha256-gzTw/v1vj4dOVbpBSJX4J0DwUR6LIyXo7/SuuTJp1kM=",
        "owner": "numtide",
        "repo": "flake-utils",
        "rev": "04c1b180862888302ddfb2e3ad9eaa63afc60cf8",
        "type": "github"
      },
      "original": {
        "owner": "numtide",
        "ref": "v1.0.0",
        "repo": "flake-utils",
        "type": "github"
      }
    },
    "flake-utils_2": {
      "locked": {
        "lastModified": 1652776076,
        "narHash": "sha256-gzTw/v1vj4dOVbpBSJX4J0DwUR6LIyXo7/SuuTJp1kM=",
        "owner": "numtide",
        "repo": "flake-utils",
        "rev": "04c1b180862888302ddfb2e3ad9eaa63afc60cf8",
        "type": "github"
      },
      "original": {
        "owner": "numtide",
        "ref": "v1.0.0",
        "repo": "flake-utils",
        "type": "github"
      }
    },
    "flake-utils_3": {
      "locked": {
        "lastModified": 1652776076,
        "narHash": "sha256-gzTw/v1vj4dOVbpBSJX4J0DwUR6LIyXo7/SuuTJp1kM=",
        "owner": "numtide",
        "repo": "flake-utils",
        "rev": "04c1b180862888302ddfb2e3ad9eaa63afc60cf8",
        "type": "github"
      },
      "original": {
        "owner": "numtide",
        "ref": "v1.0.0",
        "repo": "flake-utils",
        "type": "github"
      }
    },
    "flake-utils_4": {
      "locked": {
        "lastModified": 1652776076,
        "narHash": "sha256-gzTw/v1vj4dOVbpBSJX4J0DwUR6LIyXo7/SuuTJp1kM=",
        "owner": "numtide",
        "repo": "flake-utils",
        "rev": "04c1b180862888302ddfb2e3ad9eaa63afc60cf8",
        "type": "github"
      },
      "original": {
        "owner": "numtide",
        "ref": "v1.0.0",
        "repo": "flake-utils",
        "type": "github"
      }
    },
    "llzk": {
      "inputs": {
        "flake-utils": "flake-utils_2",
        "nixpkgs": [
          "nixpkgs"
        ],
        "veridise-pkgs": "veridise-pkgs"
      },
      "locked": {
        "lastModified": 1743188345,
        "narHash": "sha256-LYoo4by74rOzrQRisVlqEEAH6ZVzSMkBmaW3sNRkcDw=",
        "ref": "main",
        "rev": "d4d34500c64d5195a4f28d2c13efe0bcb9690d10",
        "revCount": 158,
        "type": "git",
        "url": "ssh://git@github.com/Veridise/llzk-lib.git"
      },
      "original": {
        "ref": "main",
        "type": "git",
        "url": "ssh://git@github.com/Veridise/llzk-lib.git"
      }
    },
    "nixpkgs": {
      "locked": {
        "lastModified": 1737370608,
        "narHash": "sha256-hFA6SmioeqvGW/XvZa9bxniAeulksCOcj3kokdNT/YE=",
        "owner": "NixOS",
        "repo": "nixpkgs",
        "rev": "300081d0cc72df578b02d914df941b8ec62240e6",
        "type": "github"
      },
      "original": {
        "id": "nixpkgs",
        "type": "indirect"
      }
    },
    "root": {
      "inputs": {
        "flake-utils": "flake-utils",
        "llzk": "llzk",
        "nixpkgs": "nixpkgs",
        "veridise-pkgs": "veridise-pkgs_2"
      }
    },
    "veridise-pkgs": {
      "inputs": {
        "crane": "crane",
        "flake-utils": "flake-utils_3",
        "nixpkgs": [
          "llzk",
          "nixpkgs"
        ]
      },
      "locked": {
        "lastModified": 1740764545,
        "narHash": "sha256-YmR5BmELc84zntED0CDHRxD97QCeGHTsqfp2/jkUiOc=",
        "ref": "main",
        "rev": "93684ccb116f03280fcb9606a74b28cef357805e",
        "revCount": 24,
        "type": "git",
        "url": "ssh://git@github.com/Veridise/veridise-nix-pkgs.git"
      },
      "original": {
        "ref": "main",
        "type": "git",
        "url": "ssh://git@github.com/Veridise/veridise-nix-pkgs.git"
      }
    },
    "veridise-pkgs_2": {
      "inputs": {
        "crane": "crane_2",
        "flake-utils": "flake-utils_4",
        "nixpkgs": [
          "nixpkgs"
        ]
      },
      "locked": {
        "lastModified": 1740764545,
        "narHash": "sha256-YmR5BmELc84zntED0CDHRxD97QCeGHTsqfp2/jkUiOc=",
        "ref": "main",
        "rev": "93684ccb116f03280fcb9606a74b28cef357805e",
        "revCount": 24,
        "type": "git",
        "url": "ssh://git@github.com/Veridise/veridise-nix-pkgs.git"
      },
      "original": {
        "ref": "main",
        "type": "git",
        "url": "ssh://git@github.com/Veridise/veridise-nix-pkgs.git"
      }
    }
  },
  "root": "root",
  "version": 7
}
